// !$*UTF8*$!
{
	archiveVersion = 1;
	classes = {
	};
	objectVersion = 46;
	objects = {

/* Begin PBXBuildFile section */
		DB38DC1C1AC9B0D50006E2D8 /* AppDelegate.swift in Sources */ = {isa = PBXBuildFile; fileRef = DB38DC1B1AC9B0D50006E2D8 /* AppDelegate.swift */; };
		DB38DC1F1AC9B0D50006E2D8 /* SwiftNumberGuesser.xcdatamodeld in Sources */ = {isa = PBXBuildFile; fileRef = DB38DC1D1AC9B0D50006E2D8 /* SwiftNumberGuesser.xcdatamodeld */; };
		DB38DC211AC9B0D50006E2D8 /* ViewController.swift in Sources */ = {isa = PBXBuildFile; fileRef = DB38DC201AC9B0D50006E2D8 /* ViewController.swift */; };
		DB38DC241AC9B0D50006E2D8 /* Main.storyboard in Resources */ = {isa = PBXBuildFile; fileRef = DB38DC221AC9B0D50006E2D8 /* Main.storyboard */; };
		DB38DC261AC9B0D50006E2D8 /* Images.xcassets in Resources */ = {isa = PBXBuildFile; fileRef = DB38DC251AC9B0D50006E2D8 /* Images.xcassets */; };
		DB38DC291AC9B0D50006E2D8 /* LaunchScreen.xib in Resources */ = {isa = PBXBuildFile; fileRef = DB38DC271AC9B0D50006E2D8 /* LaunchScreen.xib */; };
		DB38DC351AC9B0D50006E2D8 /* SwiftNumberGuesserTests.swift in Sources */ = {isa = PBXBuildFile; fileRef = DB38DC341AC9B0D50006E2D8 /* SwiftNumberGuesserTests.swift */; };
		DB38DC3F1ACD71B50006E2D8 /* NumberEntry.swift in Sources */ = {isa = PBXBuildFile; fileRef = DB38DC3E1ACD71B50006E2D8 /* NumberEntry.swift */; };
		DB38DC411ACD75890006E2D8 /* ComputerGame.swift in Sources */ = {isa = PBXBuildFile; fileRef = DB38DC401ACD75890006E2D8 /* ComputerGame.swift */; };
		DB38DC431ACD75A70006E2D8 /* HumanGame.swift in Sources */ = {isa = PBXBuildFile; fileRef = DB38DC421ACD75A70006E2D8 /* HumanGame.swift */; };
		DB9188D91ADD2D98000ABBC7 /* DifficultyEntry.swift in Sources */ = {isa = PBXBuildFile; fileRef = DB9188D81ADD2D98000ABBC7 /* DifficultyEntry.swift */; };
/* End PBXBuildFile section */

/* Begin PBXContainerItemProxy section */
		DB38DC2F1AC9B0D50006E2D8 /* PBXContainerItemProxy */ = {
			isa = PBXContainerItemProxy;
			containerPortal = DB38DC0E1AC9B0D50006E2D8 /* Project object */;
			proxyType = 1;
			remoteGlobalIDString = DB38DC151AC9B0D50006E2D8;
			remoteInfo = SwiftNumberGuesser;
		};
/* End PBXContainerItemProxy section */

/* Begin PBXFileReference section */
		DB38DC161AC9B0D50006E2D8 /* SwiftNumberGuesser.app */ = {isa = PBXFileReference; explicitFileType = wrapper.application; includeInIndex = 0; path = SwiftNumberGuesser.app; sourceTree = BUILT_PRODUCTS_DIR; };
		DB38DC1A1AC9B0D50006E2D8 /* Info.plist */ = {isa = PBXFileReference; lastKnownFileType = text.plist.xml; path = Info.plist; sourceTree = "<group>"; };
		DB38DC1B1AC9B0D50006E2D8 /* AppDelegate.swift */ = {isa = PBXFileReference; lastKnownFileType = sourcecode.swift; path = AppDelegate.swift; sourceTree = "<group>"; };
		DB38DC1E1AC9B0D50006E2D8 /* SwiftNumberGuesser.xcdatamodel */ = {isa = PBXFileReference; lastKnownFileType = wrapper.xcdatamodel; path = SwiftNumberGuesser.xcdatamodel; sourceTree = "<group>"; };
		DB38DC201AC9B0D50006E2D8 /* ViewController.swift */ = {isa = PBXFileReference; lastKnownFileType = sourcecode.swift; path = ViewController.swift; sourceTree = "<group>"; };
		DB38DC231AC9B0D50006E2D8 /* Base */ = {isa = PBXFileReference; lastKnownFileType = file.storyboard; name = Base; path = Base.lproj/Main.storyboard; sourceTree = "<group>"; };
		DB38DC251AC9B0D50006E2D8 /* Images.xcassets */ = {isa = PBXFileReference; lastKnownFileType = folder.assetcatalog; path = Images.xcassets; sourceTree = "<group>"; };
		DB38DC281AC9B0D50006E2D8 /* Base */ = {isa = PBXFileReference; lastKnownFileType = file.xib; name = Base; path = Base.lproj/LaunchScreen.xib; sourceTree = "<group>"; };
		DB38DC2E1AC9B0D50006E2D8 /* SwiftNumberGuesserTests.xctest */ = {isa = PBXFileReference; explicitFileType = wrapper.cfbundle; includeInIndex = 0; path = SwiftNumberGuesserTests.xctest; sourceTree = BUILT_PRODUCTS_DIR; };
		DB38DC331AC9B0D50006E2D8 /* Info.plist */ = {isa = PBXFileReference; lastKnownFileType = text.plist.xml; path = Info.plist; sourceTree = "<group>"; };
		DB38DC341AC9B0D50006E2D8 /* SwiftNumberGuesserTests.swift */ = {isa = PBXFileReference; lastKnownFileType = sourcecode.swift; path = SwiftNumberGuesserTests.swift; sourceTree = "<group>"; };
		DB38DC3E1ACD71B50006E2D8 /* NumberEntry.swift */ = {isa = PBXFileReference; fileEncoding = 4; lastKnownFileType = sourcecode.swift; path = NumberEntry.swift; sourceTree = "<group>"; };
		DB38DC401ACD75890006E2D8 /* ComputerGame.swift */ = {isa = PBXFileReference; fileEncoding = 4; lastKnownFileType = sourcecode.swift; path = ComputerGame.swift; sourceTree = "<group>"; };
		DB38DC421ACD75A70006E2D8 /* HumanGame.swift */ = {isa = PBXFileReference; fileEncoding = 4; lastKnownFileType = sourcecode.swift; path = HumanGame.swift; sourceTree = "<group>"; };
		DB9188D81ADD2D98000ABBC7 /* DifficultyEntry.swift */ = {isa = PBXFileReference; fileEncoding = 4; lastKnownFileType = sourcecode.swift; path = DifficultyEntry.swift; sourceTree = "<group>"; };
/* End PBXFileReference section */

/* Begin PBXFrameworksBuildPhase section */
		DB38DC131AC9B0D50006E2D8 /* Frameworks */ = {
			isa = PBXFrameworksBuildPhase;
			buildActionMask = 2147483647;
			files = (
			);
			runOnlyForDeploymentPostprocessing = 0;
		};
		DB38DC2B1AC9B0D50006E2D8 /* Frameworks */ = {
			isa = PBXFrameworksBuildPhase;
			buildActionMask = 2147483647;
			files = (
			);
			runOnlyForDeploymentPostprocessing = 0;
		};
/* End PBXFrameworksBuildPhase section */

/* Begin PBXGroup section */
		DB38DC0D1AC9B0D50006E2D8 = {
			isa = PBXGroup;
			children = (
				DB38DC181AC9B0D50006E2D8 /* SwiftNumberGuesser */,
				DB38DC311AC9B0D50006E2D8 /* SwiftNumberGuesserTests */,
				DB38DC171AC9B0D50006E2D8 /* Products */,
			);
			sourceTree = "<group>";
		};
		DB38DC171AC9B0D50006E2D8 /* Products */ = {
			isa = PBXGroup;
			children = (
				DB38DC161AC9B0D50006E2D8 /* SwiftNumberGuesser.app */,
				DB38DC2E1AC9B0D50006E2D8 /* SwiftNumberGuesserTests.xctest */,
			);
			name = Products;
			sourceTree = "<group>";
		};
		DB38DC181AC9B0D50006E2D8 /* SwiftNumberGuesser */ = {
			isa = PBXGroup;
			children = (
				DB38DC1B1AC9B0D50006E2D8 /* AppDelegate.swift */,
				DB38DC201AC9B0D50006E2D8 /* ViewController.swift */,
				DB38DC221AC9B0D50006E2D8 /* Main.storyboard */,
				DB38DC401ACD75890006E2D8 /* ComputerGame.swift */,
				DB9188D81ADD2D98000ABBC7 /* DifficultyEntry.swift */,
				DB38DC421ACD75A70006E2D8 /* HumanGame.swift */,
				DB38DC3E1ACD71B50006E2D8 /* NumberEntry.swift */,
				DB38DC251AC9B0D50006E2D8 /* Images.xcassets */,
				DB38DC271AC9B0D50006E2D8 /* LaunchScreen.xib */,
				DB38DC1D1AC9B0D50006E2D8 /* SwiftNumberGuesser.xcdatamodeld */,
				DB38DC191AC9B0D50006E2D8 /* Supporting Files */,
			);
			path = SwiftNumberGuesser;
			sourceTree = "<group>";
		};
		DB38DC191AC9B0D50006E2D8 /* Supporting Files */ = {
			isa = PBXGroup;
			children = (
				DB38DC1A1AC9B0D50006E2D8 /* Info.plist */,
			);
			name = "Supporting Files";
			sourceTree = "<group>";
		};
		DB38DC311AC9B0D50006E2D8 /* SwiftNumberGuesserTests */ = {
			isa = PBXGroup;
			children = (
				DB38DC341AC9B0D50006E2D8 /* SwiftNumberGuesserTests.swift */,
				DB38DC321AC9B0D50006E2D8 /* Supporting Files */,
			);
			path = SwiftNumberGuesserTests;
			sourceTree = "<group>";
		};
		DB38DC321AC9B0D50006E2D8 /* Supporting Files */ = {
			isa = PBXGroup;
			children = (
				DB38DC331AC9B0D50006E2D8 /* Info.plist */,
			);
			name = "Supporting Files";
			sourceTree = "<group>";
		};
/* End PBXGroup section */

/* Begin PBXNativeTarget section */
		DB38DC151AC9B0D50006E2D8 /* SwiftNumberGuesser */ = {
			isa = PBXNativeTarget;
			buildConfigurationList = DB38DC381AC9B0D50006E2D8 /* Build configuration list for PBXNativeTarget "SwiftNumberGuesser" */;
			buildPhases = (
				DB38DC121AC9B0D50006E2D8 /* Sources */,
				DB38DC131AC9B0D50006E2D8 /* Frameworks */,
				DB38DC141AC9B0D50006E2D8 /* Resources */,
			);
			buildRules = (
			);
			dependencies = (
			);
			name = SwiftNumberGuesser;
			productName = SwiftNumberGuesser;
			productReference = DB38DC161AC9B0D50006E2D8 /* SwiftNumberGuesser.app */;
			productType = "com.apple.product-type.application";
		};
		DB38DC2D1AC9B0D50006E2D8 /* SwiftNumberGuesserTests */ = {
			isa = PBXNativeTarget;
			buildConfigurationList = DB38DC3B1AC9B0D50006E2D8 /* Build configuration list for PBXNativeTarget "SwiftNumberGuesserTests" */;
			buildPhases = (
				DB38DC2A1AC9B0D50006E2D8 /* Sources */,
				DB38DC2B1AC9B0D50006E2D8 /* Frameworks */,
				DB38DC2C1AC9B0D50006E2D8 /* Resources */,
			);
			buildRules = (
			);
			dependencies = (
				DB38DC301AC9B0D50006E2D8 /* PBXTargetDependency */,
			);
			name = SwiftNumberGuesserTests;
			productName = SwiftNumberGuesserTests;
			productReference = DB38DC2E1AC9B0D50006E2D8 /* SwiftNumberGuesserTests.xctest */;
			productType = "com.apple.product-type.bundle.unit-test";
		};
/* End PBXNativeTarget section */

/* Begin PBXProject section */
		DB38DC0E1AC9B0D50006E2D8 /* Project object */ = {
			isa = PBXProject;
			attributes = {
				LastUpgradeCheck = 0610;
				ORGANIZATIONNAME = "John Dyer";
				TargetAttributes = {
					DB38DC151AC9B0D50006E2D8 = {
						CreatedOnToolsVersion = 6.1.1;
					};
					DB38DC2D1AC9B0D50006E2D8 = {
						CreatedOnToolsVersion = 6.1.1;
						TestTargetID = DB38DC151AC9B0D50006E2D8;
					};
				};
			};
			buildConfigurationList = DB38DC111AC9B0D50006E2D8 /* Build configuration list for PBXProject "SwiftNumberGuesser" */;
			compatibilityVersion = "Xcode 3.2";
			developmentRegion = English;
			hasScannedForEncodings = 0;
			knownRegions = (
				en,
				Base,
			);
			mainGroup = DB38DC0D1AC9B0D50006E2D8;
			productRefGroup = DB38DC171AC9B0D50006E2D8 /* Products */;
			projectDirPath = "";
			projectRoot = "";
			targets = (
				DB38DC151AC9B0D50006E2D8 /* SwiftNumberGuesser */,
				DB38DC2D1AC9B0D50006E2D8 /* SwiftNumberGuesserTests */,
			);
		};
/* End PBXProject section */

/* Begin PBXResourcesBuildPhase section */
		DB38DC141AC9B0D50006E2D8 /* Resources */ = {
			isa = PBXResourcesBuildPhase;
			buildActionMask = 2147483647;
			files = (
				DB38DC241AC9B0D50006E2D8 /* Main.storyboard in Resources */,
				DB38DC291AC9B0D50006E2D8 /* LaunchScreen.xib in Resources */,
				DB38DC261AC9B0D50006E2D8 /* Images.xcassets in Resources */,
			);
			runOnlyForDeploymentPostprocessing = 0;
		};
		DB38DC2C1AC9B0D50006E2D8 /* Resources */ = {
			isa = PBXResourcesBuildPhase;
			buildActionMask = 2147483647;
			files = (
			);
			runOnlyForDeploymentPostprocessing = 0;
		};
/* End PBXResourcesBuildPhase section */

/* Begin PBXSourcesBuildPhase section */
		DB38DC121AC9B0D50006E2D8 /* Sources */ = {
			isa = PBXSourcesBuildPhase;
			buildActionMask = 2147483647;
			files = (
				DB38DC211AC9B0D50006E2D8 /* ViewController.swift in Sources */,
				DB38DC431ACD75A70006E2D8 /* HumanGame.swift in Sources */,
				DB38DC1C1AC9B0D50006E2D8 /* AppDelegate.swift in Sources */,
				DB38DC1F1AC9B0D50006E2D8 /* SwiftNumberGuesser.xcdatamodeld in Sources */,
				DB38DC3F1ACD71B50006E2D8 /* NumberEntry.swift in Sources */,
				DB38DC411ACD75890006E2D8 /* ComputerGame.swift in Sources */,
				DB9188D91ADD2D98000ABBC7 /* DifficultyEntry.swift in Sources */,
			);
			runOnlyForDeploymentPostprocessing = 0;
		};
		DB38DC2A1AC9B0D50006E2D8 /* Sources */ = {
			isa = PBXSourcesBuildPhase;
			buildActionMask = 2147483647;
			files = (
				DB38DC351AC9B0D50006E2D8 /* SwiftNumberGuesserTests.swift in Sources */,
			);
			runOnlyForDeploymentPostprocessing = 0;
		};
/* End PBXSourcesBuildPhase section */

/* Begin PBXTargetDependency section */
		DB38DC301AC9B0D50006E2D8 /* PBXTargetDependency */ = {
			isa = PBXTargetDependency;
			target = DB38DC151AC9B0D50006E2D8 /* SwiftNumberGuesser */;
			targetProxy = DB38DC2F1AC9B0D50006E2D8 /* PBXContainerItemProxy */;
		};
/* End PBXTargetDependency section */

/* Begin PBXVariantGroup section */
		DB38DC221AC9B0D50006E2D8 /* Main.storyboard */ = {
			isa = PBXVariantGroup;
			children = (
				DB38DC231AC9B0D50006E2D8 /* Base */,
			);
			name = Main.storyboard;
			sourceTree = "<group>";
		};
		DB38DC271AC9B0D50006E2D8 /* LaunchScreen.xib */ = {
			isa = PBXVariantGroup;
			children = (
				DB38DC281AC9B0D50006E2D8 /* Base */,
			);
			name = LaunchScreen.xib;
			sourceTree = "<group>";
		};
/* End PBXVariantGroup section */

/* Begin XCBuildConfiguration section */
		DB38DC361AC9B0D50006E2D8 /* Debug */ = {
			isa = XCBuildConfiguration;
			buildSettings = {
				ALWAYS_SEARCH_USER_PATHS = NO;
				CLANG_CXX_LANGUAGE_STANDARD = "gnu++0x";
				CLANG_CXX_LIBRARY = "libc++";
				CLANG_ENABLE_MODULES = YES;
				CLANG_ENABLE_OBJC_ARC = YES;
				CLANG_WARN_BOOL_CONVERSION = YES;
				CLANG_WARN_CONSTANT_CONVERSION = YES;
				CLANG_WARN_DIRECT_OBJC_ISA_USAGE = YES_ERROR;
				CLANG_WARN_EMPTY_BODY = YES;
				CLANG_WARN_ENUM_CONVERSION = YES;
				CLANG_WARN_INT_CONVERSION = YES;
				CLANG_WARN_OBJC_ROOT_CLASS = YES_ERROR;
				CLANG_WARN_UNREACHABLE_CODE = YES;
				CLANG_WARN__DUPLICATE_METHOD_MATCH = YES;
				"CODE_SIGN_IDENTITY[sdk=iphoneos*]" = "iPhone Developer";
				COPY_PHASE_STRIP = NO;
				ENABLE_STRICT_OBJC_MSGSEND = YES;
				GCC_C_LANGUAGE_STANDARD = gnu99;
				GCC_DYNAMIC_NO_PIC = NO;
				GCC_OPTIMIZATION_LEVEL = 0;
				GCC_PREPROCESSOR_DEFINITIONS = (
					"DEBUG=1",
					"$(inherited)",
				);
				GCC_SYMBOLS_PRIVATE_EXTERN = NO;
				GCC_WARN_64_TO_32_BIT_CONVERSION = YES;
				GCC_WARN_ABOUT_RETURN_TYPE = YES_ERROR;
				GCC_WARN_UNDECLARED_SELECTOR = YES;
				GCC_WARN_UNINITIALIZED_AUTOS = YES_AGGRESSIVE;
				GCC_WARN_UNUSED_FUNCTION = YES;
				GCC_WARN_UNUSED_VARIABLE = YES;
				IPHONEOS_DEPLOYMENT_TARGET = 8.1;
				MTL_ENABLE_DEBUG_INFO = YES;
				ONLY_ACTIVE_ARCH = YES;
				SDKROOT = iphoneos;
				SWIFT_OPTIMIZATION_LEVEL = "-Onone";
			};
			name = Debug;
		};
		DB38DC371AC9B0D50006E2D8 /* Release */ = {
			isa = XCBuildConfiguration;
			buildSettings = {
				ALWAYS_SEARCH_USER_PATHS = NO;
				CLANG_CXX_LANGUAGE_STANDARD = "gnu++0x";
				CLANG_CXX_LIBRARY = "libc++";
				CLANG_ENABLE_MODULES = YES;
				CLANG_ENABLE_OBJC_ARC = YES;
				CLANG_WARN_BOOL_CONVERSION = YES;
				CLANG_WARN_CONSTANT_CONVERSION = YES;
				CLANG_WARN_DIRECT_OBJC_ISA_USAGE = YES_ERROR;
				CLANG_WARN_EMPTY_BODY = YES;
				CLANG_WARN_ENUM_CONVERSION = YES;
				CLANG_WARN_INT_CONVERSION = YES;
				CLANG_WARN_OBJC_ROOT_CLASS = YES_ERROR;
				CLANG_WARN_UNREACHABLE_CODE = YES;
				CLANG_WARN__DUPLICATE_METHOD_MATCH = YES;
				"CODE_SIGN_IDENTITY[sdk=iphoneos*]" = "iPhone Developer";
				COPY_PHASE_STRIP = YES;
				ENABLE_NS_ASSERTIONS = NO;
				ENABLE_STRICT_OBJC_MSGSEND = YES;
				GCC_C_LANGUAGE_STANDARD = gnu99;
				GCC_WARN_64_TO_32_BIT_CONVERSION = YES;
				GCC_WARN_ABOUT_RETURN_TYPE = YES_ERROR;
				GCC_WARN_UNDECLARED_SELECTOR = YES;
				GCC_WARN_UNINITIALIZED_AUTOS = YES_AGGRESSIVE;
				GCC_WARN_UNUSED_FUNCTION = YES;
				GCC_WARN_UNUSED_VARIABLE = YES;
				IPHONEOS_DEPLOYMENT_TARGET = 8.1;
				MTL_ENABLE_DEBUG_INFO = NO;
				SDKROOT = iphoneos;
				VALIDATE_PRODUCT = YES;
			};
			name = Release;
		};
		DB38DC391AC9B0D50006E2D8 /* Debug */ = {
			isa = XCBuildConfiguration;
			buildSettings = {
				ASSETCATALOG_COMPILER_APPICON_NAME = AppIcon;
				INFOPLIST_FILE = SwiftNumberGuesser/Info.plist;
				LD_RUNPATH_SEARCH_PATHS = "$(inherited) @executable_path/Frameworks";
				PRODUCT_NAME = "$(TARGET_NAME)";
			};
			name = Debug;
		};
		DB38DC3A1AC9B0D50006E2D8 /* Release */ = {
			isa = XCBuildConfiguration;
			buildSettings = {
				ASSETCATALOG_COMPILER_APPICON_NAME = AppIcon;
				INFOPLIST_FILE = SwiftNumberGuesser/Info.plist;
				LD_RUNPATH_SEARCH_PATHS = "$(inherited) @executable_path/Frameworks";
				PRODUCT_NAME = "$(TARGET_NAME)";
			};
			name = Release;
		};
		DB38DC3C1AC9B0D50006E2D8 /* Debug */ = {
			isa = XCBuildConfiguration;
			buildSettings = {
				BUNDLE_LOADER = "$(TEST_HOST)";
				FRAMEWORK_SEARCH_PATHS = (
					"$(SDKROOT)/Developer/Library/Frameworks",
					"$(inherited)",
				);
				GCC_PREPROCESSOR_DEFINITIONS = (
					"DEBUG=1",
					"$(inherited)",
				);
				INFOPLIST_FILE = SwiftNumberGuesserTests/Info.plist;
				LD_RUNPATH_SEARCH_PATHS = "$(inherited) @executable_path/Frameworks @loader_path/Frameworks";
				PRODUCT_NAME = "$(TARGET_NAME)";
				TEST_HOST = "$(BUILT_PRODUCTS_DIR)/SwiftNumberGuesser.app/SwiftNumberGuesser";
			};
			name = Debug;
		};
		DB38DC3D1AC9B0D50006E2D8 /* Release */ = {
			isa = XCBuildConfiguration;
			buildSettings = {
				BUNDLE_LOADER = "$(TEST_HOST)";
				FRAMEWORK_SEARCH_PATHS = (
					"$(SDKROOT)/Developer/Library/Frameworks",
					"$(inherited)",
				);
				INFOPLIST_FILE = SwiftNumberGuesserTests/Info.plist;
				LD_RUNPATH_SEARCH_PATHS = "$(inherited) @executable_path/Frameworks @loader_path/Frameworks";
				PRODUCT_NAME = "$(TARGET_NAME)";
				TEST_HOST = "$(BUILT_PRODUCTS_DIR)/SwiftNumberGuesser.app/SwiftNumberGuesser";
			};
			name = Release;
		};
/* End XCBuildConfiguration section */

/* Begin XCConfigurationList section */
		DB38DC111AC9B0D50006E2D8 /* Build configuration list for PBXProject "SwiftNumberGuesser" */ = {
			isa = XCConfigurationList;
			buildConfigurations = (
				DB38DC361AC9B0D50006E2D8 /* Debug */,
				DB38DC371AC9B0D50006E2D8 /* Release */,
			);
			defaultConfigurationIsVisible = 0;
			defaultConfigurationName = Release;
		};
		DB38DC381AC9B0D50006E2D8 /* Build configuration list for PBXNativeTarget "SwiftNumberGuesser" */ = {
			isa = XCConfigurationList;
			buildConfigurations = (
				DB38DC391AC9B0D50006E2D8 /* Debug */,
				DB38DC3A1AC9B0D50006E2D8 /* Release */,
			);
			defaultConfigurationIsVisible = 0;
			defaultConfigurationName = Release;
		};
		DB38DC3B1AC9B0D50006E2D8 /* Build configuration list for PBXNativeTarget "SwiftNumberGuesserTests" */ = {
			isa = XCConfigurationList;
			buildConfigurations = (
				DB38DC3C1AC9B0D50006E2D8 /* Debug */,
				DB38DC3D1AC9B0D50006E2D8 /* Release */,
			);
			defaultConfigurationIsVisible = 0;
			defaultConfigurationName = Release;
		};
/* End XCConfigurationList section */

/* Begin XCVersionGroup section */
		DB38DC1D1AC9B0D50006E2D8 /* SwiftNumberGuesser.xcdatamodeld */ = {
			isa = XCVersionGroup;
			children = (
				DB38DC1E1AC9B0D50006E2D8 /* SwiftNumberGuesser.xcdatamodel */,
			);
			currentVersion = DB38DC1E1AC9B0D50006E2D8 /* SwiftNumberGuesser.xcdatamodel */;
			path = SwiftNumberGuesser.xcdatamodeld;
			sourceTree = "<group>";
			versionGroupType = wrapper.xcdatamodel;
		};
/* End XCVersionGroup section */
	};
	rootObject = DB38DC0E1AC9B0D50006E2D8 /* Project object */;
}
